
Microsoft Visual Studio Solution File, Format Version 12.00
# Visual Studio Version 17
VisualStudioVersion = 17.2.32630.192
MinimumVisualStudioVersion = 10.0.40219.1
Project("{FAE04EC0-301F-11D3-BF4B-00C04F79EFBC}") = "ArvoreApp", "ArvoreApp.csproj", "{2DDD3764-3CED-49FB-BF13-19F98C078377}"
EndProject
Global
	GlobalSection(SolutionConfigurationPlatforms) = preSolution
		Debug|Any CPU = Debug|Any CPU
		Release|Any CPU = Release|Any CPU
	EndGlobalSection
	GlobalSection(ProjectConfigurationPlatforms) = postSolution
		{2DDD3764-3CED-49FB-BF13-19F98C078377}.Debug|Any CPU.ActiveCfg = Debug|Any CPU
		{2DDD3764-3CED-49FB-BF13-19F98C078377}.Debug|Any CPU.Build.0 = Debug|Any CPU
		{2DDD3764-3CED-49FB-BF13-19F98C078377}.Release|Any CPU.ActiveCfg = Release|Any CPU
		{2DDD3764-3CED-49FB-BF13-19F98C078377}.Release|Any CPU.Build.0 = Release|Any CPU
	EndGlobalSection
	GlobalSection(SolutionProperties) = preSolution
		HideSolutionNode = FALSE
	EndGlobalSection
	GlobalSection(ExtensibilityGlobals) = postSolution
		SolutionGuid = {A9B5BAF2-A6CD-4006-BF17-8177A9D9CE1F}
	EndGlobalSection
EndGlobal
